
Microsoft Visual Studio Solution File, Format Version 12.00
# Visual Studio Version 17
VisualStudioVersion = 17.1.32203.90
MinimumVisualStudioVersion = 10.0.40219.1
Project("{FAE04EC0-301F-11D3-BF4B-00C04F79EFBC}") = "ArashIzadiWebsiteGHP.Server", "Server\ArashIzadiWebsiteGHP.Server.csproj", "{64F306A1-EADF-459D-A1E6-DB7D3E61AF17}"
EndProject
Project("{FAE04EC0-301F-11D3-BF4B-00C04F79EFBC}") = "ArashIzadiWebsiteGHP.Client", "Client\ArashIzadiWebsiteGHP.Client.csproj", "{6B342A19-81E3-4D5B-AFC5-E642BBD9330C}"
EndProject
Project("{FAE04EC0-301F-11D3-BF4B-00C04F79EFBC}") = "ArashIzadiWebsiteGHP.Shared", "Shared\ArashIzadiWebsiteGHP.Shared.csproj", "{92C79C0A-F037-4B5B-A62E-5206CAE2BE59}"
EndProject
Global
	GlobalSection(SolutionConfigurationPlatforms) = preSolution
		Debug|Any CPU = Debug|Any CPU
		Release|Any CPU = Release|Any CPU
	EndGlobalSection
	GlobalSection(ProjectConfigurationPlatforms) = postSolution
		{64F306A1-EADF-459D-A1E6-DB7D3E61AF17}.Debug|Any CPU.ActiveCfg = Debug|Any CPU
		{64F306A1-EADF-459D-A1E6-DB7D3E61AF17}.Debug|Any CPU.Build.0 = Debug|Any CPU
		{64F306A1-EADF-459D-A1E6-DB7D3E61AF17}.Release|Any CPU.ActiveCfg = Release|Any CPU
		{64F306A1-EADF-459D-A1E6-DB7D3E61AF17}.Release|Any CPU.Build.0 = Release|Any CPU
		{6B342A19-81E3-4D5B-AFC5-E642BBD9330C}.Debug|Any CPU.ActiveCfg = Debug|Any CPU
		{6B342A19-81E3-4D5B-AFC5-E642BBD9330C}.Debug|Any CPU.Build.0 = Debug|Any CPU
		{6B342A19-81E3-4D5B-AFC5-E642BBD9330C}.Release|Any CPU.ActiveCfg = Release|Any CPU
		{6B342A19-81E3-4D5B-AFC5-E642BBD9330C}.Release|Any CPU.Build.0 = Release|Any CPU
		{92C79C0A-F037-4B5B-A62E-5206CAE2BE59}.Debug|Any CPU.ActiveCfg = Debug|Any CPU
		{92C79C0A-F037-4B5B-A62E-5206CAE2BE59}.Debug|Any CPU.Build.0 = Debug|Any CPU
		{92C79C0A-F037-4B5B-A62E-5206CAE2BE59}.Release|Any CPU.ActiveCfg = Release|Any CPU
		{92C79C0A-F037-4B5B-A62E-5206CAE2BE59}.Release|Any CPU.Build.0 = Release|Any CPU
	EndGlobalSection
	GlobalSection(SolutionProperties) = preSolution
		HideSolutionNode = FALSE
	EndGlobalSection
	GlobalSection(ExtensibilityGlobals) = postSolution
		SolutionGuid = {6D897D24-6243-4DF2-8F12-35BCF7A2EC07}
	EndGlobalSection
EndGlobal
